// !$*UTF8*$!
{
	archiveVersion = 1;
	classes = {
	};
	objectVersion = 56;
	objects = {

/* Begin PBXBuildFile section */
		DE8ACACB2ABA2BCE00B9EB5A /* GB_PROJApp.swift in Sources */ = {isa = PBXBuildFile; fileRef = DE8ACACA2ABA2BCE00B9EB5A /* GB_PROJApp.swift */; };
		DE8ACACF2ABA2BCF00B9EB5A /* Assets.xcassets in Resources */ = {isa = PBXBuildFile; fileRef = DE8ACACE2ABA2BCF00B9EB5A /* Assets.xcassets */; };
		DE8ACAD22ABA2BCF00B9EB5A /* Preview Assets.xcassets in Resources */ = {isa = PBXBuildFile; fileRef = DE8ACAD12ABA2BCF00B9EB5A /* Preview Assets.xcassets */; };
		DE8ACAD72ABA2BCF00B9EB5A /* GB_PROJ.xcdatamodeld in Sources */ = {isa = PBXBuildFile; fileRef = DE8ACAD52ABA2BCF00B9EB5A /* GB_PROJ.xcdatamodeld */; };
		DE8ACAE12ABA2BCF00B9EB5A /* GB_PROJTests.swift in Sources */ = {isa = PBXBuildFile; fileRef = DE8ACAE02ABA2BCF00B9EB5A /* GB_PROJTests.swift */; };
		DE8ACAEB2ABA2BCF00B9EB5A /* GB_PROJUITests.swift in Sources */ = {isa = PBXBuildFile; fileRef = DE8ACAEA2ABA2BCF00B9EB5A /* GB_PROJUITests.swift */; };
		DE8ACAED2ABA2BCF00B9EB5A /* GB_PROJUITestsLaunchTests.swift in Sources */ = {isa = PBXBuildFile; fileRef = DE8ACAEC2ABA2BCF00B9EB5A /* GB_PROJUITestsLaunchTests.swift */; };
		DEAF28502AC0B26900603019 /* NetworkManager.swift in Sources */ = {isa = PBXBuildFile; fileRef = DEAF284F2AC0B26900603019 /* NetworkManager.swift */; };
		DEAF28522AC0B29900603019 /* Movie.swift in Sources */ = {isa = PBXBuildFile; fileRef = DEAF28512AC0B29900603019 /* Movie.swift */; };
		DEAF28552AC0DF0500603019 /* ModelsConverter.swift in Sources */ = {isa = PBXBuildFile; fileRef = DEAF28542AC0DF0500603019 /* ModelsConverter.swift */; };
		DEAF28572AC0DF7D00603019 /* ViewFilm.swift in Sources */ = {isa = PBXBuildFile; fileRef = DEAF28562AC0DF7D00603019 /* ViewFilm.swift */; };
		DEF296152AC03C95003AC238 /* MainPageViewModel.swift in Sources */ = {isa = PBXBuildFile; fileRef = DEF296142AC03C95003AC238 /* MainPageViewModel.swift */; };
		DEF296172AC03CA9003AC238 /* MainPageView.swift in Sources */ = {isa = PBXBuildFile; fileRef = DEF296162AC03CA9003AC238 /* MainPageView.swift */; };
		DEF2961B2AC03DB0003AC238 /* ContentViewExt.swift in Sources */ = {isa = PBXBuildFile; fileRef = DEF2961A2AC03DB0003AC238 /* ContentViewExt.swift */; };
/* End PBXBuildFile section */

/* Begin PBXContainerItemProxy section */
		DE8ACADD2ABA2BCF00B9EB5A /* PBXContainerItemProxy */ = {
			isa = PBXContainerItemProxy;
			containerPortal = DE8ACABF2ABA2BCE00B9EB5A /* Project object */;
			proxyType = 1;
			remoteGlobalIDString = DE8ACAC62ABA2BCE00B9EB5A;
			remoteInfo = "GB-PROJ";
		};
		DE8ACAE72ABA2BCF00B9EB5A /* PBXContainerItemProxy */ = {
			isa = PBXContainerItemProxy;
			containerPortal = DE8ACABF2ABA2BCE00B9EB5A /* Project object */;
			proxyType = 1;
			remoteGlobalIDString = DE8ACAC62ABA2BCE00B9EB5A;
			remoteInfo = "GB-PROJ";
		};
/* End PBXContainerItemProxy section */

/* Begin PBXFileReference section */
		94C666342AC0427E002CB7CF /* MovieModel.swift */ = {isa = PBXFileReference; lastKnownFileType = sourcecode.swift; path = MovieModel.swift; sourceTree = "<group>"; };
		94C666362AC049D0002CB7CF /* FavoriteMoviesView.swift */ = {isa = PBXFileReference; lastKnownFileType = sourcecode.swift; path = FavoriteMoviesView.swift; sourceTree = "<group>"; };
		94C666382AC05759002CB7CF /* File.swift */ = {isa = PBXFileReference; lastKnownFileType = sourcecode.swift; path = File.swift; sourceTree = "<group>"; };
		DE8ACAC72ABA2BCE00B9EB5A /* GB-PROJ.app */ = {isa = PBXFileReference; explicitFileType = wrapper.application; includeInIndex = 0; path = "GB-PROJ.app"; sourceTree = BUILT_PRODUCTS_DIR; };
		DE8ACACA2ABA2BCE00B9EB5A /* GB_PROJApp.swift */ = {isa = PBXFileReference; lastKnownFileType = sourcecode.swift; path = GB_PROJApp.swift; sourceTree = "<group>"; };
		DE8ACACE2ABA2BCF00B9EB5A /* Assets.xcassets */ = {isa = PBXFileReference; lastKnownFileType = folder.assetcatalog; path = Assets.xcassets; sourceTree = "<group>"; };
		DE8ACAD12ABA2BCF00B9EB5A /* Preview Assets.xcassets */ = {isa = PBXFileReference; lastKnownFileType = folder.assetcatalog; path = "Preview Assets.xcassets"; sourceTree = "<group>"; };
		DE8ACAD62ABA2BCF00B9EB5A /* GB_PROJ.xcdatamodel */ = {isa = PBXFileReference; lastKnownFileType = wrapper.xcdatamodel; path = GB_PROJ.xcdatamodel; sourceTree = "<group>"; };
		DE8ACADC2ABA2BCF00B9EB5A /* GB-PROJTests.xctest */ = {isa = PBXFileReference; explicitFileType = wrapper.cfbundle; includeInIndex = 0; path = "GB-PROJTests.xctest"; sourceTree = BUILT_PRODUCTS_DIR; };
		DE8ACAE02ABA2BCF00B9EB5A /* GB_PROJTests.swift */ = {isa = PBXFileReference; lastKnownFileType = sourcecode.swift; path = GB_PROJTests.swift; sourceTree = "<group>"; };
		DE8ACAE62ABA2BCF00B9EB5A /* GB-PROJUITests.xctest */ = {isa = PBXFileReference; explicitFileType = wrapper.cfbundle; includeInIndex = 0; path = "GB-PROJUITests.xctest"; sourceTree = BUILT_PRODUCTS_DIR; };
		DE8ACAEA2ABA2BCF00B9EB5A /* GB_PROJUITests.swift */ = {isa = PBXFileReference; lastKnownFileType = sourcecode.swift; path = GB_PROJUITests.swift; sourceTree = "<group>"; };
		DE8ACAEC2ABA2BCF00B9EB5A /* GB_PROJUITestsLaunchTests.swift */ = {isa = PBXFileReference; lastKnownFileType = sourcecode.swift; path = GB_PROJUITestsLaunchTests.swift; sourceTree = "<group>"; };
		DEAF284F2AC0B26900603019 /* NetworkManager.swift */ = {isa = PBXFileReference; lastKnownFileType = sourcecode.swift; path = NetworkManager.swift; sourceTree = "<group>"; };
		DEAF28512AC0B29900603019 /* Movie.swift */ = {isa = PBXFileReference; lastKnownFileType = sourcecode.swift; path = Movie.swift; sourceTree = "<group>"; };
		DEAF28542AC0DF0500603019 /* ModelsConverter.swift */ = {isa = PBXFileReference; lastKnownFileType = sourcecode.swift; path = ModelsConverter.swift; sourceTree = "<group>"; };
		DEAF28562AC0DF7D00603019 /* ViewFilm.swift */ = {isa = PBXFileReference; lastKnownFileType = sourcecode.swift; path = ViewFilm.swift; sourceTree = "<group>"; };
		DEF296142AC03C95003AC238 /* MainPageViewModel.swift */ = {isa = PBXFileReference; lastKnownFileType = sourcecode.swift; path = MainPageViewModel.swift; sourceTree = "<group>"; };
		DEF296162AC03CA9003AC238 /* MainPageView.swift */ = {isa = PBXFileReference; lastKnownFileType = sourcecode.swift; path = MainPageView.swift; sourceTree = "<group>"; };
		DEF2961A2AC03DB0003AC238 /* ContentViewExt.swift */ = {isa = PBXFileReference; lastKnownFileType = sourcecode.swift; path = ContentViewExt.swift; sourceTree = "<group>"; };
/* End PBXFileReference section */

/* Begin PBXFrameworksBuildPhase section */
		DE8ACAC42ABA2BCE00B9EB5A /* Frameworks */ = {
			isa = PBXFrameworksBuildPhase;
			buildActionMask = 2147483647;
			files = (
			);
			runOnlyForDeploymentPostprocessing = 0;
		};
		DE8ACAD92ABA2BCF00B9EB5A /* Frameworks */ = {
			isa = PBXFrameworksBuildPhase;
			buildActionMask = 2147483647;
			files = (
			);
			runOnlyForDeploymentPostprocessing = 0;
		};
		DE8ACAE32ABA2BCF00B9EB5A /* Frameworks */ = {
			isa = PBXFrameworksBuildPhase;
			buildActionMask = 2147483647;
			files = (
			);
			runOnlyForDeploymentPostprocessing = 0;
		};
/* End PBXFrameworksBuildPhase section */

/* Begin PBXGroup section */
		DE8ACABE2ABA2BCE00B9EB5A = {
			isa = PBXGroup;
			children = (
				94C666362AC049D0002CB7CF /* FavoriteMoviesView.swift */,
				DE8ACAC92ABA2BCE00B9EB5A /* GB-PROJ */,
				DE8ACADF2ABA2BCF00B9EB5A /* GB-PROJTests */,
				DE8ACAE92ABA2BCF00B9EB5A /* GB-PROJUITests */,
				DE8ACAC82ABA2BCE00B9EB5A /* Products */,
			);
			sourceTree = "<group>";
		};
		DE8ACAC82ABA2BCE00B9EB5A /* Products */ = {
			isa = PBXGroup;
			children = (
				DE8ACAC72ABA2BCE00B9EB5A /* GB-PROJ.app */,
				DE8ACADC2ABA2BCF00B9EB5A /* GB-PROJTests.xctest */,
				DE8ACAE62ABA2BCF00B9EB5A /* GB-PROJUITests.xctest */,
			);
			name = Products;
			sourceTree = "<group>";
		};
		DE8ACAC92ABA2BCE00B9EB5A /* GB-PROJ */ = {
			isa = PBXGroup;
			children = (
				DEF2961F2AC0A18E003AC238 /* Network */,
				DEF296182AC03D84003AC238 /* Helpers */,
				DEF296122AC03C68003AC238 /* Screens */,
				DE8ACACA2ABA2BCE00B9EB5A /* GB_PROJApp.swift */,
				DE8ACACE2ABA2BCF00B9EB5A /* Assets.xcassets */,
				DE8ACAD52ABA2BCF00B9EB5A /* GB_PROJ.xcdatamodeld */,
				DE8ACAD02ABA2BCF00B9EB5A /* Preview Content */,
			);
			path = "GB-PROJ";
			sourceTree = "<group>";
		};
		DE8ACAD02ABA2BCF00B9EB5A /* Preview Content */ = {
			isa = PBXGroup;
			children = (
				DE8ACAD12ABA2BCF00B9EB5A /* Preview Assets.xcassets */,
			);
			path = "Preview Content";
			sourceTree = "<group>";
		};
		DE8ACADF2ABA2BCF00B9EB5A /* GB-PROJTests */ = {
			isa = PBXGroup;
			children = (
				DE8ACAE02ABA2BCF00B9EB5A /* GB_PROJTests.swift */,
			);
			path = "GB-PROJTests";
			sourceTree = "<group>";
		};
		DE8ACAE92ABA2BCF00B9EB5A /* GB-PROJUITests */ = {
			isa = PBXGroup;
			children = (
				DE8ACAEA2ABA2BCF00B9EB5A /* GB_PROJUITests.swift */,
				DE8ACAEC2ABA2BCF00B9EB5A /* GB_PROJUITestsLaunchTests.swift */,
			);
			path = "GB-PROJUITests";
			sourceTree = "<group>";
		};
		DEAF28532AC0DEBC00603019 /* Models */ = {
			isa = PBXGroup;
			children = (
				DEAF28562AC0DF7D00603019 /* ViewFilm.swift */,
			);
			path = Models;
			sourceTree = "<group>";
		};
		DEF296122AC03C68003AC238 /* Screens */ = {
			isa = PBXGroup;
			children = (
				DEAF28532AC0DEBC00603019 /* Models */,
				DEF296132AC03C75003AC238 /* MainPage */,
			);
			path = Screens;
			sourceTree = "<group>";
		};
		DEF296132AC03C75003AC238 /* MainPage */ = {
			isa = PBXGroup;
			children = (
				DEF296142AC03C95003AC238 /* MainPageViewModel.swift */,
				DEF296162AC03CA9003AC238 /* MainPageView.swift */,
			);
			path = MainPage;
			sourceTree = "<group>";
		};
		DEF296182AC03D84003AC238 /* Helpers */ = {
			isa = PBXGroup;
			children = (
				DEF296192AC03D93003AC238 /* Extensions */,
				DEAF28542AC0DF0500603019 /* ModelsConverter.swift */,
			);
			path = Helpers;
			sourceTree = "<group>";
		};
		DEF296192AC03D93003AC238 /* Extensions */ = {
			isa = PBXGroup;
			children = (
				DEF2961A2AC03DB0003AC238 /* ContentViewExt.swift */,
			);
			path = Extensions;
			sourceTree = "<group>";
		};
		DEF2961F2AC0A18E003AC238 /* Network */ = {
			isa = PBXGroup;
			children = (
				DEF296202AC0A1F0003AC238 /* Models */,
				DEAF284F2AC0B26900603019 /* NetworkManager.swift */,
			);
			path = Network;
			sourceTree = "<group>";
		};
		DEF296202AC0A1F0003AC238 /* Models */ = {
			isa = PBXGroup;
			children = (
				94C666342AC0427E002CB7CF /* MovieModel.swift */,
				94C666382AC05759002CB7CF /* File.swift */,
				DEAF28512AC0B29900603019 /* Movie.swift */,
			);
			path = Models;
			sourceTree = "<group>";
		};
/* End PBXGroup section */

/* Begin PBXNativeTarget section */
		DE8ACAC62ABA2BCE00B9EB5A /* GB-PROJ */ = {
			isa = PBXNativeTarget;
			buildConfigurationList = DE8ACAF02ABA2BCF00B9EB5A /* Build configuration list for PBXNativeTarget "GB-PROJ" */;
			buildPhases = (
				DE8ACAC32ABA2BCE00B9EB5A /* Sources */,
				DE8ACAC42ABA2BCE00B9EB5A /* Frameworks */,
				DE8ACAC52ABA2BCE00B9EB5A /* Resources */,
			);
			buildRules = (
			);
			dependencies = (
			);
			name = "GB-PROJ";
			productName = "GB-PROJ";
			productReference = DE8ACAC72ABA2BCE00B9EB5A /* GB-PROJ.app */;
			productType = "com.apple.product-type.application";
		};
		DE8ACADB2ABA2BCF00B9EB5A /* GB-PROJTests */ = {
			isa = PBXNativeTarget;
			buildConfigurationList = DE8ACAF32ABA2BCF00B9EB5A /* Build configuration list for PBXNativeTarget "GB-PROJTests" */;
			buildPhases = (
				DE8ACAD82ABA2BCF00B9EB5A /* Sources */,
				DE8ACAD92ABA2BCF00B9EB5A /* Frameworks */,
				DE8ACADA2ABA2BCF00B9EB5A /* Resources */,
			);
			buildRules = (
			);
			dependencies = (
				DE8ACADE2ABA2BCF00B9EB5A /* PBXTargetDependency */,
			);
			name = "GB-PROJTests";
			productName = "GB-PROJTests";
			productReference = DE8ACADC2ABA2BCF00B9EB5A /* GB-PROJTests.xctest */;
			productType = "com.apple.product-type.bundle.unit-test";
		};
		DE8ACAE52ABA2BCF00B9EB5A /* GB-PROJUITests */ = {
			isa = PBXNativeTarget;
			buildConfigurationList = DE8ACAF62ABA2BCF00B9EB5A /* Build configuration list for PBXNativeTarget "GB-PROJUITests" */;
			buildPhases = (
				DE8ACAE22ABA2BCF00B9EB5A /* Sources */,
				DE8ACAE32ABA2BCF00B9EB5A /* Frameworks */,
				DE8ACAE42ABA2BCF00B9EB5A /* Resources */,
			);
			buildRules = (
			);
			dependencies = (
				DE8ACAE82ABA2BCF00B9EB5A /* PBXTargetDependency */,
			);
			name = "GB-PROJUITests";
			productName = "GB-PROJUITests";
			productReference = DE8ACAE62ABA2BCF00B9EB5A /* GB-PROJUITests.xctest */;
			productType = "com.apple.product-type.bundle.ui-testing";
		};
/* End PBXNativeTarget section */

/* Begin PBXProject section */
		DE8ACABF2ABA2BCE00B9EB5A /* Project object */ = {
			isa = PBXProject;
			attributes = {
				BuildIndependentTargetsInParallel = 1;
				LastSwiftUpdateCheck = 1430;
				LastUpgradeCheck = 1430;
				TargetAttributes = {
					DE8ACAC62ABA2BCE00B9EB5A = {
						CreatedOnToolsVersion = 14.3.1;
					};
					DE8ACADB2ABA2BCF00B9EB5A = {
						CreatedOnToolsVersion = 14.3.1;
						TestTargetID = DE8ACAC62ABA2BCE00B9EB5A;
					};
					DE8ACAE52ABA2BCF00B9EB5A = {
						CreatedOnToolsVersion = 14.3.1;
						TestTargetID = DE8ACAC62ABA2BCE00B9EB5A;
					};
				};
			};
			buildConfigurationList = DE8ACAC22ABA2BCE00B9EB5A /* Build configuration list for PBXProject "GB-PROJ" */;
			compatibilityVersion = "Xcode 14.0";
			developmentRegion = en;
			hasScannedForEncodings = 0;
			knownRegions = (
				en,
				Base,
			);
			mainGroup = DE8ACABE2ABA2BCE00B9EB5A;
			productRefGroup = DE8ACAC82ABA2BCE00B9EB5A /* Products */;
			projectDirPath = "";
			projectRoot = "";
			targets = (
				DE8ACAC62ABA2BCE00B9EB5A /* GB-PROJ */,
				DE8ACADB2ABA2BCF00B9EB5A /* GB-PROJTests */,
				DE8ACAE52ABA2BCF00B9EB5A /* GB-PROJUITests */,
			);
		};
/* End PBXProject section */

/* Begin PBXResourcesBuildPhase section */
		DE8ACAC52ABA2BCE00B9EB5A /* Resources */ = {
			isa = PBXResourcesBuildPhase;
			buildActionMask = 2147483647;
			files = (
				DE8ACAD22ABA2BCF00B9EB5A /* Preview Assets.xcassets in Resources */,
				DE8ACACF2ABA2BCF00B9EB5A /* Assets.xcassets in Resources */,
			);
			runOnlyForDeploymentPostprocessing = 0;
		};
		DE8ACADA2ABA2BCF00B9EB5A /* Resources */ = {
			isa = PBXResourcesBuildPhase;
			buildActionMask = 2147483647;
			files = (
			);
			runOnlyForDeploymentPostprocessing = 0;
		};
		DE8ACAE42ABA2BCF00B9EB5A /* Resources */ = {
			isa = PBXResourcesBuildPhase;
			buildActionMask = 2147483647;
			files = (
			);
			runOnlyForDeploymentPostprocessing = 0;
		};
/* End PBXResourcesBuildPhase section */

/* Begin PBXSourcesBuildPhase section */
		DE8ACAC32ABA2BCE00B9EB5A /* Sources */ = {
			isa = PBXSourcesBuildPhase;
			buildActionMask = 2147483647;
			files = (
				DEAF28572AC0DF7D00603019 /* ViewFilm.swift in Sources */,
				DEAF28522AC0B29900603019 /* Movie.swift in Sources */,
				DEF2961B2AC03DB0003AC238 /* ContentViewExt.swift in Sources */,
				DEF296172AC03CA9003AC238 /* MainPageView.swift in Sources */,
				DEAF28502AC0B26900603019 /* NetworkManager.swift in Sources */,
				DEF296152AC03C95003AC238 /* MainPageViewModel.swift in Sources */,
				DE8ACACB2ABA2BCE00B9EB5A /* GB_PROJApp.swift in Sources */,
				DEAF28552AC0DF0500603019 /* ModelsConverter.swift in Sources */,
				DE8ACAD72ABA2BCF00B9EB5A /* GB_PROJ.xcdatamodeld in Sources */,
			);
			runOnlyForDeploymentPostprocessing = 0;
		};
		DE8ACAD82ABA2BCF00B9EB5A /* Sources */ = {
			isa = PBXSourcesBuildPhase;
			buildActionMask = 2147483647;
			files = (
				DE8ACAE12ABA2BCF00B9EB5A /* GB_PROJTests.swift in Sources */,
			);
			runOnlyForDeploymentPostprocessing = 0;
		};
		DE8ACAE22ABA2BCF00B9EB5A /* Sources */ = {
			isa = PBXSourcesBuildPhase;
			buildActionMask = 2147483647;
			files = (
				DE8ACAED2ABA2BCF00B9EB5A /* GB_PROJUITestsLaunchTests.swift in Sources */,
				DE8ACAEB2ABA2BCF00B9EB5A /* GB_PROJUITests.swift in Sources */,
			);
			runOnlyForDeploymentPostprocessing = 0;
		};
/* End PBXSourcesBuildPhase section */

/* Begin PBXTargetDependency section */
		DE8ACADE2ABA2BCF00B9EB5A /* PBXTargetDependency */ = {
			isa = PBXTargetDependency;
			target = DE8ACAC62ABA2BCE00B9EB5A /* GB-PROJ */;
			targetProxy = DE8ACADD2ABA2BCF00B9EB5A /* PBXContainerItemProxy */;
		};
		DE8ACAE82ABA2BCF00B9EB5A /* PBXTargetDependency */ = {
			isa = PBXTargetDependency;
			target = DE8ACAC62ABA2BCE00B9EB5A /* GB-PROJ */;
			targetProxy = DE8ACAE72ABA2BCF00B9EB5A /* PBXContainerItemProxy */;
		};
/* End PBXTargetDependency section */

/* Begin XCBuildConfiguration section */
		DE8ACAEE2ABA2BCF00B9EB5A /* Debug */ = {
			isa = XCBuildConfiguration;
			buildSettings = {
				ALWAYS_SEARCH_USER_PATHS = NO;
				CLANG_ANALYZER_NONNULL = YES;
				CLANG_ANALYZER_NUMBER_OBJECT_CONVERSION = YES_AGGRESSIVE;
				CLANG_CXX_LANGUAGE_STANDARD = "gnu++20";
				CLANG_ENABLE_MODULES = YES;
				CLANG_ENABLE_OBJC_ARC = YES;
				CLANG_ENABLE_OBJC_WEAK = YES;
				CLANG_WARN_BLOCK_CAPTURE_AUTORELEASING = YES;
				CLANG_WARN_BOOL_CONVERSION = YES;
				CLANG_WARN_COMMA = YES;
				CLANG_WARN_CONSTANT_CONVERSION = YES;
				CLANG_WARN_DEPRECATED_OBJC_IMPLEMENTATIONS = YES;
				CLANG_WARN_DIRECT_OBJC_ISA_USAGE = YES_ERROR;
				CLANG_WARN_DOCUMENTATION_COMMENTS = YES;
				CLANG_WARN_EMPTY_BODY = YES;
				CLANG_WARN_ENUM_CONVERSION = YES;
				CLANG_WARN_INFINITE_RECURSION = YES;
				CLANG_WARN_INT_CONVERSION = YES;
				CLANG_WARN_NON_LITERAL_NULL_CONVERSION = YES;
				CLANG_WARN_OBJC_IMPLICIT_RETAIN_SELF = YES;
				CLANG_WARN_OBJC_LITERAL_CONVERSION = YES;
				CLANG_WARN_OBJC_ROOT_CLASS = YES_ERROR;
				CLANG_WARN_QUOTED_INCLUDE_IN_FRAMEWORK_HEADER = YES;
				CLANG_WARN_RANGE_LOOP_ANALYSIS = YES;
				CLANG_WARN_STRICT_PROTOTYPES = YES;
				CLANG_WARN_SUSPICIOUS_MOVE = YES;
				CLANG_WARN_UNGUARDED_AVAILABILITY = YES_AGGRESSIVE;
				CLANG_WARN_UNREACHABLE_CODE = YES;
				CLANG_WARN__DUPLICATE_METHOD_MATCH = YES;
				COPY_PHASE_STRIP = NO;
				DEBUG_INFORMATION_FORMAT = dwarf;
				ENABLE_STRICT_OBJC_MSGSEND = YES;
				ENABLE_TESTABILITY = YES;
				GCC_C_LANGUAGE_STANDARD = gnu11;
				GCC_DYNAMIC_NO_PIC = NO;
				GCC_NO_COMMON_BLOCKS = YES;
				GCC_OPTIMIZATION_LEVEL = 0;
				GCC_PREPROCESSOR_DEFINITIONS = (
					"DEBUG=1",
					"$(inherited)",
				);
				GCC_WARN_64_TO_32_BIT_CONVERSION = YES;
				GCC_WARN_ABOUT_RETURN_TYPE = YES_ERROR;
				GCC_WARN_UNDECLARED_SELECTOR = YES;
				GCC_WARN_UNINITIALIZED_AUTOS = YES_AGGRESSIVE;
				GCC_WARN_UNUSED_FUNCTION = YES;
				GCC_WARN_UNUSED_VARIABLE = YES;
				IPHONEOS_DEPLOYMENT_TARGET = 16.4;
				MTL_ENABLE_DEBUG_INFO = INCLUDE_SOURCE;
				MTL_FAST_MATH = YES;
				ONLY_ACTIVE_ARCH = YES;
				SDKROOT = iphoneos;
				SWIFT_ACTIVE_COMPILATION_CONDITIONS = DEBUG;
				SWIFT_OPTIMIZATION_LEVEL = "-Onone";
			};
			name = Debug;
		};
		DE8ACAEF2ABA2BCF00B9EB5A /* Release */ = {
			isa = XCBuildConfiguration;
			buildSettings = {
				ALWAYS_SEARCH_USER_PATHS = NO;
				CLANG_ANALYZER_NONNULL = YES;
				CLANG_ANALYZER_NUMBER_OBJECT_CONVERSION = YES_AGGRESSIVE;
				CLANG_CXX_LANGUAGE_STANDARD = "gnu++20";
				CLANG_ENABLE_MODULES = YES;
				CLANG_ENABLE_OBJC_ARC = YES;
				CLANG_ENABLE_OBJC_WEAK = YES;
				CLANG_WARN_BLOCK_CAPTURE_AUTORELEASING = YES;
				CLANG_WARN_BOOL_CONVERSION = YES;
				CLANG_WARN_COMMA = YES;
				CLANG_WARN_CONSTANT_CONVERSION = YES;
				CLANG_WARN_DEPRECATED_OBJC_IMPLEMENTATIONS = YES;
				CLANG_WARN_DIRECT_OBJC_ISA_USAGE = YES_ERROR;
				CLANG_WARN_DOCUMENTATION_COMMENTS = YES;
				CLANG_WARN_EMPTY_BODY = YES;
				CLANG_WARN_ENUM_CONVERSION = YES;
				CLANG_WARN_INFINITE_RECURSION = YES;
				CLANG_WARN_INT_CONVERSION = YES;
				CLANG_WARN_NON_LITERAL_NULL_CONVERSION = YES;
				CLANG_WARN_OBJC_IMPLICIT_RETAIN_SELF = YES;
				CLANG_WARN_OBJC_LITERAL_CONVERSION = YES;
				CLANG_WARN_OBJC_ROOT_CLASS = YES_ERROR;
				CLANG_WARN_QUOTED_INCLUDE_IN_FRAMEWORK_HEADER = YES;
				CLANG_WARN_RANGE_LOOP_ANALYSIS = YES;
				CLANG_WARN_STRICT_PROTOTYPES = YES;
				CLANG_WARN_SUSPICIOUS_MOVE = YES;
				CLANG_WARN_UNGUARDED_AVAILABILITY = YES_AGGRESSIVE;
				CLANG_WARN_UNREACHABLE_CODE = YES;
				CLANG_WARN__DUPLICATE_METHOD_MATCH = YES;
				COPY_PHASE_STRIP = NO;
				DEBUG_INFORMATION_FORMAT = "dwarf-with-dsym";
				ENABLE_NS_ASSERTIONS = NO;
				ENABLE_STRICT_OBJC_MSGSEND = YES;
				GCC_C_LANGUAGE_STANDARD = gnu11;
				GCC_NO_COMMON_BLOCKS = YES;
				GCC_WARN_64_TO_32_BIT_CONVERSION = YES;
				GCC_WARN_ABOUT_RETURN_TYPE = YES_ERROR;
				GCC_WARN_UNDECLARED_SELECTOR = YES;
				GCC_WARN_UNINITIALIZED_AUTOS = YES_AGGRESSIVE;
				GCC_WARN_UNUSED_FUNCTION = YES;
				GCC_WARN_UNUSED_VARIABLE = YES;
				IPHONEOS_DEPLOYMENT_TARGET = 16.4;
				MTL_ENABLE_DEBUG_INFO = NO;
				MTL_FAST_MATH = YES;
				SDKROOT = iphoneos;
				SWIFT_COMPILATION_MODE = wholemodule;
				SWIFT_OPTIMIZATION_LEVEL = "-O";
				VALIDATE_PRODUCT = YES;
			};
			name = Release;
		};
		DE8ACAF12ABA2BCF00B9EB5A /* Debug */ = {
			isa = XCBuildConfiguration;
			buildSettings = {
				ASSETCATALOG_COMPILER_APPICON_NAME = AppIcon;
				ASSETCATALOG_COMPILER_GLOBAL_ACCENT_COLOR_NAME = AccentColor;
				CODE_SIGN_STYLE = Automatic;
				CURRENT_PROJECT_VERSION = 1;
				DEVELOPMENT_ASSET_PATHS = "\"GB-PROJ/Preview Content\"";
				ENABLE_PREVIEWS = YES;
				GENERATE_INFOPLIST_FILE = YES;
				INFOPLIST_KEY_UIApplicationSceneManifest_Generation = YES;
				INFOPLIST_KEY_UIApplicationSupportsIndirectInputEvents = YES;
				INFOPLIST_KEY_UILaunchScreen_Generation = YES;
				INFOPLIST_KEY_UISupportedInterfaceOrientations_iPad = "UIInterfaceOrientationPortrait UIInterfaceOrientationPortraitUpsideDown UIInterfaceOrientationLandscapeLeft UIInterfaceOrientationLandscapeRight";
				INFOPLIST_KEY_UISupportedInterfaceOrientations_iPhone = "UIInterfaceOrientationPortrait UIInterfaceOrientationLandscapeLeft UIInterfaceOrientationLandscapeRight";
				LD_RUNPATH_SEARCH_PATHS = (
					"$(inherited)",
					"@executable_path/Frameworks",
				);
				MARKETING_VERSION = 1.0;
				PRODUCT_BUNDLE_IDENTIFIER = "com.GB-PROJ.GB-PROJ";
				PRODUCT_NAME = "$(TARGET_NAME)";
				SWIFT_EMIT_LOC_STRINGS = YES;
				SWIFT_VERSION = 5.0;
				TARGETED_DEVICE_FAMILY = "1,2";
			};
			name = Debug;
		};
		DE8ACAF22ABA2BCF00B9EB5A /* Release */ = {
			isa = XCBuildConfiguration;
			buildSettings = {
				ASSETCATALOG_COMPILER_APPICON_NAME = AppIcon;
				ASSETCATALOG_COMPILER_GLOBAL_ACCENT_COLOR_NAME = AccentColor;
				CODE_SIGN_STYLE = Automatic;
				CURRENT_PROJECT_VERSION = 1;
				DEVELOPMENT_ASSET_PATHS = "\"GB-PROJ/Preview Content\"";
				ENABLE_PREVIEWS = YES;
				GENERATE_INFOPLIST_FILE = YES;
				INFOPLIST_KEY_UIApplicationSceneManifest_Generation = YES;
				INFOPLIST_KEY_UIApplicationSupportsIndirectInputEvents = YES;
				INFOPLIST_KEY_UILaunchScreen_Generation = YES;
				INFOPLIST_KEY_UISupportedInterfaceOrientations_iPad = "UIInterfaceOrientationPortrait UIInterfaceOrientationPortraitUpsideDown UIInterfaceOrientationLandscapeLeft UIInterfaceOrientationLandscapeRight";
				INFOPLIST_KEY_UISupportedInterfaceOrientations_iPhone = "UIInterfaceOrientationPortrait UIInterfaceOrientationLandscapeLeft UIInterfaceOrientationLandscapeRight";
				LD_RUNPATH_SEARCH_PATHS = (
					"$(inherited)",
					"@executable_path/Frameworks",
				);
				MARKETING_VERSION = 1.0;
				PRODUCT_BUNDLE_IDENTIFIER = "com.GB-PROJ.GB-PROJ";
				PRODUCT_NAME = "$(TARGET_NAME)";
				SWIFT_EMIT_LOC_STRINGS = YES;
				SWIFT_VERSION = 5.0;
				TARGETED_DEVICE_FAMILY = "1,2";
			};
			name = Release;
		};
		DE8ACAF42ABA2BCF00B9EB5A /* Debug */ = {
			isa = XCBuildConfiguration;
			buildSettings = {
				ALWAYS_EMBED_SWIFT_STANDARD_LIBRARIES = YES;
				BUNDLE_LOADER = "$(TEST_HOST)";
				CODE_SIGN_STYLE = Automatic;
				CURRENT_PROJECT_VERSION = 1;
				GENERATE_INFOPLIST_FILE = YES;
				IPHONEOS_DEPLOYMENT_TARGET = 16.4;
				MARKETING_VERSION = 1.0;
				PRODUCT_BUNDLE_IDENTIFIER = "com.GB-PROJ.GB-PROJTests";
				PRODUCT_NAME = "$(TARGET_NAME)";
				SWIFT_EMIT_LOC_STRINGS = NO;
				SWIFT_VERSION = 5.0;
				TARGETED_DEVICE_FAMILY = "1,2";
				TEST_HOST = "$(BUILT_PRODUCTS_DIR)/GB-PROJ.app/$(BUNDLE_EXECUTABLE_FOLDER_PATH)/GB-PROJ";
			};
			name = Debug;
		};
		DE8ACAF52ABA2BCF00B9EB5A /* Release */ = {
			isa = XCBuildConfiguration;
			buildSettings = {
				ALWAYS_EMBED_SWIFT_STANDARD_LIBRARIES = YES;
				BUNDLE_LOADER = "$(TEST_HOST)";
				CODE_SIGN_STYLE = Automatic;
				CURRENT_PROJECT_VERSION = 1;
				GENERATE_INFOPLIST_FILE = YES;
				IPHONEOS_DEPLOYMENT_TARGET = 16.4;
				MARKETING_VERSION = 1.0;
				PRODUCT_BUNDLE_IDENTIFIER = "com.GB-PROJ.GB-PROJTests";
				PRODUCT_NAME = "$(TARGET_NAME)";
				SWIFT_EMIT_LOC_STRINGS = NO;
				SWIFT_VERSION = 5.0;
				TARGETED_DEVICE_FAMILY = "1,2";
				TEST_HOST = "$(BUILT_PRODUCTS_DIR)/GB-PROJ.app/$(BUNDLE_EXECUTABLE_FOLDER_PATH)/GB-PROJ";
			};
			name = Release;
		};
		DE8ACAF72ABA2BCF00B9EB5A /* Debug */ = {
			isa = XCBuildConfiguration;
			buildSettings = {
				ALWAYS_EMBED_SWIFT_STANDARD_LIBRARIES = YES;
				CODE_SIGN_STYLE = Automatic;
				CURRENT_PROJECT_VERSION = 1;
				GENERATE_INFOPLIST_FILE = YES;
				MARKETING_VERSION = 1.0;
				PRODUCT_BUNDLE_IDENTIFIER = "com.GB-PROJ.GB-PROJUITests";
				PRODUCT_NAME = "$(TARGET_NAME)";
				SWIFT_EMIT_LOC_STRINGS = NO;
				SWIFT_VERSION = 5.0;
				TARGETED_DEVICE_FAMILY = "1,2";
				TEST_TARGET_NAME = "GB-PROJ";
			};
			name = Debug;
		};
		DE8ACAF82ABA2BCF00B9EB5A /* Release */ = {
			isa = XCBuildConfiguration;
			buildSettings = {
				ALWAYS_EMBED_SWIFT_STANDARD_LIBRARIES = YES;
				CODE_SIGN_STYLE = Automatic;
				CURRENT_PROJECT_VERSION = 1;
				GENERATE_INFOPLIST_FILE = YES;
				MARKETING_VERSION = 1.0;
				PRODUCT_BUNDLE_IDENTIFIER = "com.GB-PROJ.GB-PROJUITests";
				PRODUCT_NAME = "$(TARGET_NAME)";
				SWIFT_EMIT_LOC_STRINGS = NO;
				SWIFT_VERSION = 5.0;
				TARGETED_DEVICE_FAMILY = "1,2";
				TEST_TARGET_NAME = "GB-PROJ";
			};
			name = Release;
		};
/* End XCBuildConfiguration section */

/* Begin XCConfigurationList section */
		DE8ACAC22ABA2BCE00B9EB5A /* Build configuration list for PBXProject "GB-PROJ" */ = {
			isa = XCConfigurationList;
			buildConfigurations = (
				DE8ACAEE2ABA2BCF00B9EB5A /* Debug */,
				DE8ACAEF2ABA2BCF00B9EB5A /* Release */,
			);
			defaultConfigurationIsVisible = 0;
			defaultConfigurationName = Release;
		};
		DE8ACAF02ABA2BCF00B9EB5A /* Build configuration list for PBXNativeTarget "GB-PROJ" */ = {
			isa = XCConfigurationList;
			buildConfigurations = (
				DE8ACAF12ABA2BCF00B9EB5A /* Debug */,
				DE8ACAF22ABA2BCF00B9EB5A /* Release */,
			);
			defaultConfigurationIsVisible = 0;
			defaultConfigurationName = Release;
		};
		DE8ACAF32ABA2BCF00B9EB5A /* Build configuration list for PBXNativeTarget "GB-PROJTests" */ = {
			isa = XCConfigurationList;
			buildConfigurations = (
				DE8ACAF42ABA2BCF00B9EB5A /* Debug */,
				DE8ACAF52ABA2BCF00B9EB5A /* Release */,
			);
			defaultConfigurationIsVisible = 0;
			defaultConfigurationName = Release;
		};
		DE8ACAF62ABA2BCF00B9EB5A /* Build configuration list for PBXNativeTarget "GB-PROJUITests" */ = {
			isa = XCConfigurationList;
			buildConfigurations = (
				DE8ACAF72ABA2BCF00B9EB5A /* Debug */,
				DE8ACAF82ABA2BCF00B9EB5A /* Release */,
			);
			defaultConfigurationIsVisible = 0;
			defaultConfigurationName = Release;
		};
/* End XCConfigurationList section */

/* Begin XCVersionGroup section */
		DE8ACAD52ABA2BCF00B9EB5A /* GB_PROJ.xcdatamodeld */ = {
			isa = XCVersionGroup;
			children = (
				DE8ACAD62ABA2BCF00B9EB5A /* GB_PROJ.xcdatamodel */,
			);
			currentVersion = DE8ACAD62ABA2BCF00B9EB5A /* GB_PROJ.xcdatamodel */;
			path = GB_PROJ.xcdatamodeld;
			sourceTree = "<group>";
			versionGroupType = wrapper.xcdatamodel;
		};
/* End XCVersionGroup section */
	};
	rootObject = DE8ACABF2ABA2BCE00B9EB5A /* Project object */;
}
